
Microsoft Visual Studio Solution File, Format Version 12.00
# Visual Studio Version 17
VisualStudioVersion = 17.14.36203.30
MinimumVisualStudioVersion = 10.0.40219.1
Project("{FAE04EC0-301F-11D3-BF4B-00C04F79EFBC}") = "BarEscolar", "BarEscolar\BarEscolar.csproj", "{EB92DF2E-9EF7-44B0-A341-74FD7F164B3E}"
EndProject
Global
	GlobalSection(SolutionConfigurationPlatforms) = preSolution
		Debug|Any CPU = Debug|Any CPU
		Release|Any CPU = Release|Any CPU
	EndGlobalSection
	GlobalSection(ProjectConfigurationPlatforms) = postSolution
		{EB92DF2E-9EF7-44B0-A341-74FD7F164B3E}.Debug|Any CPU.ActiveCfg = Debug|Any CPU
		{EB92DF2E-9EF7-44B0-A341-74FD7F164B3E}.Debug|Any CPU.Build.0 = Debug|Any CPU
		{EB92DF2E-9EF7-44B0-A341-74FD7F164B3E}.Release|Any CPU.ActiveCfg = Release|Any CPU
		{EB92DF2E-9EF7-44B0-A341-74FD7F164B3E}.Release|Any CPU.Build.0 = Release|Any CPU
	EndGlobalSection
	GlobalSection(SolutionProperties) = preSolution
		HideSolutionNode = FALSE
	EndGlobalSection
	GlobalSection(ExtensibilityGlobals) = postSolution
		SolutionGuid = {099B9B52-D3D4-45F1-B784-A9221B4EB402}
	EndGlobalSection
EndGlobal
